// !$*UTF8*$!
{
	archiveVersion = 1;
	classes = {
	};
	objectVersion = 50;
	objects = {

/* Begin PBXBuildFile section */
		01648D0C21872CC3005EDFE0 /* AppDelegate.m in Sources */ = {isa = PBXBuildFile; fileRef = 01648D0B21872CC3005EDFE0 /* AppDelegate.m */; };
		01648D0F21872CC3005EDFE0 /* ViewController.m in Sources */ = {isa = PBXBuildFile; fileRef = 01648D0E21872CC3005EDFE0 /* ViewController.m */; };
		01648D1221872CC3005EDFE0 /* Main.storyboard in Resources */ = {isa = PBXBuildFile; fileRef = 01648D1021872CC3005EDFE0 /* Main.storyboard */; };
		01648D1521872CC3005EDFE0 /* stopwatch.xcdatamodeld in Sources */ = {isa = PBXBuildFile; fileRef = 01648D1321872CC3005EDFE0 /* stopwatch.xcdatamodeld */; };
		01648D1721872CC6005EDFE0 /* Assets.xcassets in Resources */ = {isa = PBXBuildFile; fileRef = 01648D1621872CC6005EDFE0 /* Assets.xcassets */; };
		01648D1A21872CC6005EDFE0 /* LaunchScreen.storyboard in Resources */ = {isa = PBXBuildFile; fileRef = 01648D1821872CC6005EDFE0 /* LaunchScreen.storyboard */; };
		01648D1D21872CC6005EDFE0 /* main.m in Sources */ = {isa = PBXBuildFile; fileRef = 01648D1C21872CC6005EDFE0 /* main.m */; };
		01648D2721872CC6005EDFE0 /* stopwatchTests.m in Sources */ = {isa = PBXBuildFile; fileRef = 01648D2621872CC6005EDFE0 /* stopwatchTests.m */; };
		01648D3221872CC7005EDFE0 /* stopwatchUITests.m in Sources */ = {isa = PBXBuildFile; fileRef = 01648D3121872CC7005EDFE0 /* stopwatchUITests.m */; };
/* End PBXBuildFile section */

/* Begin PBXContainerItemProxy section */
		01648D2321872CC6005EDFE0 /* PBXContainerItemProxy */ = {
			isa = PBXContainerItemProxy;
			containerPortal = 01648CFF21872CC3005EDFE0 /* Project object */;
			proxyType = 1;
			remoteGlobalIDString = 01648D0621872CC3005EDFE0;
			remoteInfo = stopwatch;
		};
		01648D2E21872CC7005EDFE0 /* PBXContainerItemProxy */ = {
			isa = PBXContainerItemProxy;
			containerPortal = 01648CFF21872CC3005EDFE0 /* Project object */;
			proxyType = 1;
			remoteGlobalIDString = 01648D0621872CC3005EDFE0;
			remoteInfo = stopwatch;
		};
/* End PBXContainerItemProxy section */

/* Begin PBXFileReference section */
		01648D0721872CC3005EDFE0 /* stopwatch.app */ = {isa = PBXFileReference; explicitFileType = wrapper.application; includeInIndex = 0; path = stopwatch.app; sourceTree = BUILT_PRODUCTS_DIR; };
		01648D0A21872CC3005EDFE0 /* AppDelegate.h */ = {isa = PBXFileReference; lastKnownFileType = sourcecode.c.h; path = AppDelegate.h; sourceTree = "<group>"; };
		01648D0B21872CC3005EDFE0 /* AppDelegate.m */ = {isa = PBXFileReference; lastKnownFileType = sourcecode.c.objc; path = AppDelegate.m; sourceTree = "<group>"; };
		01648D0D21872CC3005EDFE0 /* ViewController.h */ = {isa = PBXFileReference; lastKnownFileType = sourcecode.c.h; path = ViewController.h; sourceTree = "<group>"; };
		01648D0E21872CC3005EDFE0 /* ViewController.m */ = {isa = PBXFileReference; lastKnownFileType = sourcecode.c.objc; path = ViewController.m; sourceTree = "<group>"; };
		01648D1121872CC3005EDFE0 /* Base */ = {isa = PBXFileReference; lastKnownFileType = file.storyboard; name = Base; path = Base.lproj/Main.storyboard; sourceTree = "<group>"; };
		01648D1421872CC3005EDFE0 /* stopwatch.xcdatamodel */ = {isa = PBXFileReference; lastKnownFileType = wrapper.xcdatamodel; path = stopwatch.xcdatamodel; sourceTree = "<group>"; };
		01648D1621872CC6005EDFE0 /* Assets.xcassets */ = {isa = PBXFileReference; lastKnownFileType = folder.assetcatalog; path = Assets.xcassets; sourceTree = "<group>"; };
		01648D1921872CC6005EDFE0 /* Base */ = {isa = PBXFileReference; lastKnownFileType = file.storyboard; name = Base; path = Base.lproj/LaunchScreen.storyboard; sourceTree = "<group>"; };
		01648D1B21872CC6005EDFE0 /* Info.plist */ = {isa = PBXFileReference; lastKnownFileType = text.plist.xml; path = Info.plist; sourceTree = "<group>"; };
		01648D1C21872CC6005EDFE0 /* main.m */ = {isa = PBXFileReference; lastKnownFileType = sourcecode.c.objc; path = main.m; sourceTree = "<group>"; };
		01648D2221872CC6005EDFE0 /* stopwatchTests.xctest */ = {isa = PBXFileReference; explicitFileType = wrapper.cfbundle; includeInIndex = 0; path = stopwatchTests.xctest; sourceTree = BUILT_PRODUCTS_DIR; };
		01648D2621872CC6005EDFE0 /* stopwatchTests.m */ = {isa = PBXFileReference; lastKnownFileType = sourcecode.c.objc; path = stopwatchTests.m; sourceTree = "<group>"; };
		01648D2821872CC6005EDFE0 /* Info.plist */ = {isa = PBXFileReference; lastKnownFileType = text.plist.xml; path = Info.plist; sourceTree = "<group>"; };
		01648D2D21872CC7005EDFE0 /* stopwatchUITests.xctest */ = {isa = PBXFileReference; explicitFileType = wrapper.cfbundle; includeInIndex = 0; path = stopwatchUITests.xctest; sourceTree = BUILT_PRODUCTS_DIR; };
		01648D3121872CC7005EDFE0 /* stopwatchUITests.m */ = {isa = PBXFileReference; lastKnownFileType = sourcecode.c.objc; path = stopwatchUITests.m; sourceTree = "<group>"; };
		01648D3321872CC7005EDFE0 /* Info.plist */ = {isa = PBXFileReference; lastKnownFileType = text.plist.xml; path = Info.plist; sourceTree = "<group>"; };
/* End PBXFileReference section */

/* Begin PBXFrameworksBuildPhase section */
		01648D0421872CC3005EDFE0 /* Frameworks */ = {
			isa = PBXFrameworksBuildPhase;
			buildActionMask = 2147483647;
			files = (
			);
			runOnlyForDeploymentPostprocessing = 0;
		};
		01648D1F21872CC6005EDFE0 /* Frameworks */ = {
			isa = PBXFrameworksBuildPhase;
			buildActionMask = 2147483647;
			files = (
			);
			runOnlyForDeploymentPostprocessing = 0;
		};
		01648D2A21872CC7005EDFE0 /* Frameworks */ = {
			isa = PBXFrameworksBuildPhase;
			buildActionMask = 2147483647;
			files = (
			);
			runOnlyForDeploymentPostprocessing = 0;
		};
/* End PBXFrameworksBuildPhase section */

/* Begin PBXGroup section */
		01648CFE21872CC3005EDFE0 = {
			isa = PBXGroup;
			children = (
				01648D0921872CC3005EDFE0 /* stopwatch */,
				01648D2521872CC6005EDFE0 /* stopwatchTests */,
				01648D3021872CC7005EDFE0 /* stopwatchUITests */,
				01648D0821872CC3005EDFE0 /* Products */,
			);
			sourceTree = "<group>";
		};
		01648D0821872CC3005EDFE0 /* Products */ = {
			isa = PBXGroup;
			children = (
				01648D0721872CC3005EDFE0 /* stopwatch.app */,
				01648D2221872CC6005EDFE0 /* stopwatchTests.xctest */,
				01648D2D21872CC7005EDFE0 /* stopwatchUITests.xctest */,
			);
			name = Products;
			sourceTree = "<group>";
		};
		01648D0921872CC3005EDFE0 /* stopwatch */ = {
			isa = PBXGroup;
			children = (
				01648D0A21872CC3005EDFE0 /* AppDelegate.h */,
				01648D0B21872CC3005EDFE0 /* AppDelegate.m */,
				01648D0D21872CC3005EDFE0 /* ViewController.h */,
				01648D0E21872CC3005EDFE0 /* ViewController.m */,
				01648D1021872CC3005EDFE0 /* Main.storyboard */,
				01648D1621872CC6005EDFE0 /* Assets.xcassets */,
				01648D1821872CC6005EDFE0 /* LaunchScreen.storyboard */,
				01648D1B21872CC6005EDFE0 /* Info.plist */,
				01648D1C21872CC6005EDFE0 /* main.m */,
				01648D1321872CC3005EDFE0 /* stopwatch.xcdatamodeld */,
			);
			path = stopwatch;
			sourceTree = "<group>";
		};
		01648D2521872CC6005EDFE0 /* stopwatchTests */ = {
			isa = PBXGroup;
			children = (
				01648D2621872CC6005EDFE0 /* stopwatchTests.m */,
				01648D2821872CC6005EDFE0 /* Info.plist */,
			);
			path = stopwatchTests;
			sourceTree = "<group>";
		};
		01648D3021872CC7005EDFE0 /* stopwatchUITests */ = {
			isa = PBXGroup;
			children = (
				01648D3121872CC7005EDFE0 /* stopwatchUITests.m */,
				01648D3321872CC7005EDFE0 /* Info.plist */,
			);
			path = stopwatchUITests;
			sourceTree = "<group>";
		};
/* End PBXGroup section */

/* Begin PBXNativeTarget section */
		01648D0621872CC3005EDFE0 /* stopwatch */ = {
			isa = PBXNativeTarget;
			buildConfigurationList = 01648D3621872CC7005EDFE0 /* Build configuration list for PBXNativeTarget "stopwatch" */;
			buildPhases = (
				01648D0321872CC3005EDFE0 /* Sources */,
				01648D0421872CC3005EDFE0 /* Frameworks */,
				01648D0521872CC3005EDFE0 /* Resources */,
			);
			buildRules = (
			);
			dependencies = (
			);
			name = stopwatch;
			productName = stopwatch;
			productReference = 01648D0721872CC3005EDFE0 /* stopwatch.app */;
			productType = "com.apple.product-type.application";
		};
		01648D2121872CC6005EDFE0 /* stopwatchTests */ = {
			isa = PBXNativeTarget;
			buildConfigurationList = 01648D3921872CC7005EDFE0 /* Build configuration list for PBXNativeTarget "stopwatchTests" */;
			buildPhases = (
				01648D1E21872CC6005EDFE0 /* Sources */,
				01648D1F21872CC6005EDFE0 /* Frameworks */,
				01648D2021872CC6005EDFE0 /* Resources */,
			);
			buildRules = (
			);
			dependencies = (
				01648D2421872CC6005EDFE0 /* PBXTargetDependency */,
			);
			name = stopwatchTests;
			productName = stopwatchTests;
			productReference = 01648D2221872CC6005EDFE0 /* stopwatchTests.xctest */;
			productType = "com.apple.product-type.bundle.unit-test";
		};
		01648D2C21872CC7005EDFE0 /* stopwatchUITests */ = {
			isa = PBXNativeTarget;
			buildConfigurationList = 01648D3C21872CC7005EDFE0 /* Build configuration list for PBXNativeTarget "stopwatchUITests" */;
			buildPhases = (
				01648D2921872CC7005EDFE0 /* Sources */,
				01648D2A21872CC7005EDFE0 /* Frameworks */,
				01648D2B21872CC7005EDFE0 /* Resources */,
			);
			buildRules = (
			);
			dependencies = (
				01648D2F21872CC7005EDFE0 /* PBXTargetDependency */,
			);
			name = stopwatchUITests;
			productName = stopwatchUITests;
			productReference = 01648D2D21872CC7005EDFE0 /* stopwatchUITests.xctest */;
			productType = "com.apple.product-type.bundle.ui-testing";
		};
/* End PBXNativeTarget section */

/* Begin PBXProject section */
		01648CFF21872CC3005EDFE0 /* Project object */ = {
			isa = PBXProject;
			attributes = {
				LastUpgradeCheck = 1000;
				ORGANIZATIONNAME = "Rizwan Khan";
				TargetAttributes = {
					01648D0621872CC3005EDFE0 = {
						CreatedOnToolsVersion = 10.0;
					};
					01648D2121872CC6005EDFE0 = {
						CreatedOnToolsVersion = 10.0;
						TestTargetID = 01648D0621872CC3005EDFE0;
					};
					01648D2C21872CC7005EDFE0 = {
						CreatedOnToolsVersion = 10.0;
						TestTargetID = 01648D0621872CC3005EDFE0;
					};
				};
			};
			buildConfigurationList = 01648D0221872CC3005EDFE0 /* Build configuration list for PBXProject "stopwatch" */;
			compatibilityVersion = "Xcode 9.3";
			developmentRegion = en;
			hasScannedForEncodings = 0;
			knownRegions = (
				en,
				Base,
			);
			mainGroup = 01648CFE21872CC3005EDFE0;
			productRefGroup = 01648D0821872CC3005EDFE0 /* Products */;
			projectDirPath = "";
			projectRoot = "";
			targets = (
				01648D0621872CC3005EDFE0 /* stopwatch */,
				01648D2121872CC6005EDFE0 /* stopwatchTests */,
				01648D2C21872CC7005EDFE0 /* stopwatchUITests */,
			);
		};
/* End PBXProject section */

/* Begin PBXResourcesBuildPhase section */
		01648D0521872CC3005EDFE0 /* Resources */ = {
			isa = PBXResourcesBuildPhase;
			buildActionMask = 2147483647;
			files = (
				01648D1A21872CC6005EDFE0 /* LaunchScreen.storyboard in Resources */,
				01648D1721872CC6005EDFE0 /* Assets.xcassets in Resources */,
				01648D1221872CC3005EDFE0 /* Main.storyboard in Resources */,
			);
			runOnlyForDeploymentPostprocessing = 0;
		};
		01648D2021872CC6005EDFE0 /* Resources */ = {
			isa = PBXResourcesBuildPhase;
			buildActionMask = 2147483647;
			files = (
			);
			runOnlyForDeploymentPostprocessing = 0;
		};
		01648D2B21872CC7005EDFE0 /* Resources */ = {
			isa = PBXResourcesBuildPhase;
			buildActionMask = 2147483647;
			files = (
			);
			runOnlyForDeploymentPostprocessing = 0;
		};
/* End PBXResourcesBuildPhase section */

/* Begin PBXSourcesBuildPhase section */
		01648D0321872CC3005EDFE0 /* Sources */ = {
			isa = PBXSourcesBuildPhase;
			buildActionMask = 2147483647;
			files = (
				01648D0F21872CC3005EDFE0 /* ViewController.m in Sources */,
				01648D0C21872CC3005EDFE0 /* AppDelegate.m in Sources */,
				01648D1D21872CC6005EDFE0 /* main.m in Sources */,
				01648D1521872CC3005EDFE0 /* stopwatch.xcdatamodeld in Sources */,
			);
			runOnlyForDeploymentPostprocessing = 0;
		};
		01648D1E21872CC6005EDFE0 /* Sources */ = {
			isa = PBXSourcesBuildPhase;
			buildActionMask = 2147483647;
			files = (
				01648D2721872CC6005EDFE0 /* stopwatchTests.m in Sources */,
			);
			runOnlyForDeploymentPostprocessing = 0;
		};
		01648D2921872CC7005EDFE0 /* Sources */ = {
			isa = PBXSourcesBuildPhase;
			buildActionMask = 2147483647;
			files = (
				01648D3221872CC7005EDFE0 /* stopwatchUITests.m in Sources */,
			);
			runOnlyForDeploymentPostprocessing = 0;
		};
/* End PBXSourcesBuildPhase section */

/* Begin PBXTargetDependency section */
		01648D2421872CC6005EDFE0 /* PBXTargetDependency */ = {
			isa = PBXTargetDependency;
			target = 01648D0621872CC3005EDFE0 /* stopwatch */;
			targetProxy = 01648D2321872CC6005EDFE0 /* PBXContainerItemProxy */;
		};
		01648D2F21872CC7005EDFE0 /* PBXTargetDependency */ = {
			isa = PBXTargetDependency;
			target = 01648D0621872CC3005EDFE0 /* stopwatch */;
			targetProxy = 01648D2E21872CC7005EDFE0 /* PBXContainerItemProxy */;
		};
/* End PBXTargetDependency section */

/* Begin PBXVariantGroup section */
		01648D1021872CC3005EDFE0 /* Main.storyboard */ = {
			isa = PBXVariantGroup;
			children = (
				01648D1121872CC3005EDFE0 /* Base */,
			);
			name = Main.storyboard;
			sourceTree = "<group>";
		};
		01648D1821872CC6005EDFE0 /* LaunchScreen.storyboard */ = {
			isa = PBXVariantGroup;
			children = (
				01648D1921872CC6005EDFE0 /* Base */,
			);
			name = LaunchScreen.storyboard;
			sourceTree = "<group>";
		};
/* End PBXVariantGroup section */

/* Begin XCBuildConfiguration section */
		01648D3421872CC7005EDFE0 /* Debug */ = {
			isa = XCBuildConfiguration;
			buildSettings = {
				ALWAYS_SEARCH_USER_PATHS = NO;
				CLANG_ANALYZER_NONNULL = YES;
				CLANG_ANALYZER_NUMBER_OBJECT_CONVERSION = YES_AGGRESSIVE;
				CLANG_CXX_LANGUAGE_STANDARD = "gnu++14";
				CLANG_CXX_LIBRARY = "libc++";
				CLANG_ENABLE_MODULES = YES;
				CLANG_ENABLE_OBJC_ARC = YES;
				CLANG_ENABLE_OBJC_WEAK = YES;
				CLANG_WARN_BLOCK_CAPTURE_AUTORELEASING = YES;
				CLANG_WARN_BOOL_CONVERSION = YES;
				CLANG_WARN_COMMA = YES;
				CLANG_WARN_CONSTANT_CONVERSION = YES;
				CLANG_WARN_DEPRECATED_OBJC_IMPLEMENTATIONS = YES;
				CLANG_WARN_DIRECT_OBJC_ISA_USAGE = YES_ERROR;
				CLANG_WARN_DOCUMENTATION_COMMENTS = YES;
				CLANG_WARN_EMPTY_BODY = YES;
				CLANG_WARN_ENUM_CONVERSION = YES;
				CLANG_WARN_INFINITE_RECURSION = YES;
				CLANG_WARN_INT_CONVERSION = YES;
				CLANG_WARN_NON_LITERAL_NULL_CONVERSION = YES;
				CLANG_WARN_OBJC_IMPLICIT_RETAIN_SELF = YES;
				CLANG_WARN_OBJC_LITERAL_CONVERSION = YES;
				CLANG_WARN_OBJC_ROOT_CLASS = YES_ERROR;
				CLANG_WARN_RANGE_LOOP_ANALYSIS = YES;
				CLANG_WARN_STRICT_PROTOTYPES = YES;
				CLANG_WARN_SUSPICIOUS_MOVE = YES;
				CLANG_WARN_UNGUARDED_AVAILABILITY = YES_AGGRESSIVE;
				CLANG_WARN_UNREACHABLE_CODE = YES;
				CLANG_WARN__DUPLICATE_METHOD_MATCH = YES;
				CODE_SIGN_IDENTITY = "iPhone Developer";
				COPY_PHASE_STRIP = NO;
				DEBUG_INFORMATION_FORMAT = dwarf;
				ENABLE_STRICT_OBJC_MSGSEND = YES;
				ENABLE_TESTABILITY = YES;
				GCC_C_LANGUAGE_STANDARD = gnu11;
				GCC_DYNAMIC_NO_PIC = NO;
				GCC_NO_COMMON_BLOCKS = YES;
				GCC_OPTIMIZATION_LEVEL = 0;
				GCC_PREPROCESSOR_DEFINITIONS = (
					"DEBUG=1",
					"$(inherited)",
				);
				GCC_WARN_64_TO_32_BIT_CONVERSION = YES;
				GCC_WARN_ABOUT_RETURN_TYPE = YES_ERROR;
				GCC_WARN_UNDECLARED_SELECTOR = YES;
				GCC_WARN_UNINITIALIZED_AUTOS = YES_AGGRESSIVE;
				GCC_WARN_UNUSED_FUNCTION = YES;
				GCC_WARN_UNUSED_VARIABLE = YES;
				IPHONEOS_DEPLOYMENT_TARGET = 12.0;
				MTL_ENABLE_DEBUG_INFO = INCLUDE_SOURCE;
				MTL_FAST_MATH = YES;
				ONLY_ACTIVE_ARCH = YES;
				SDKROOT = iphoneos;
			};
			name = Debug;
		};
		01648D3521872CC7005EDFE0 /* Release */ = {
			isa = XCBuildConfiguration;
			buildSettings = {
				ALWAYS_SEARCH_USER_PATHS = NO;
				CLANG_ANALYZER_NONNULL = YES;
				CLANG_ANALYZER_NUMBER_OBJECT_CONVERSION = YES_AGGRESSIVE;
				CLANG_CXX_LANGUAGE_STANDARD = "gnu++14";
				CLANG_CXX_LIBRARY = "libc++";
				CLANG_ENABLE_MODULES = YES;
				CLANG_ENABLE_OBJC_ARC = YES;
				CLANG_ENABLE_OBJC_WEAK = YES;
				CLANG_WARN_BLOCK_CAPTURE_AUTORELEASING = YES;
				CLANG_WARN_BOOL_CONVERSION = YES;
				CLANG_WARN_COMMA = YES;
				CLANG_WARN_CONSTANT_CONVERSION = YES;
				CLANG_WARN_DEPRECATED_OBJC_IMPLEMENTATIONS = YES;
				CLANG_WARN_DIRECT_OBJC_ISA_USAGE = YES_ERROR;
				CLANG_WARN_DOCUMENTATION_COMMENTS = YES;
				CLANG_WARN_EMPTY_BODY = YES;
				CLANG_WARN_ENUM_CONVERSION = YES;
				CLANG_WARN_INFINITE_RECURSION = YES;
				CLANG_WARN_INT_CONVERSION = YES;
				CLANG_WARN_NON_LITERAL_NULL_CONVERSION = YES;
				CLANG_WARN_OBJC_IMPLICIT_RETAIN_SELF = YES;
				CLANG_WARN_OBJC_LITERAL_CONVERSION = YES;
				CLANG_WARN_OBJC_ROOT_CLASS = YES_ERROR;
				CLANG_WARN_RANGE_LOOP_ANALYSIS = YES;
				CLANG_WARN_STRICT_PROTOTYPES = YES;
				CLANG_WARN_SUSPICIOUS_MOVE = YES;
				CLANG_WARN_UNGUARDED_AVAILABILITY = YES_AGGRESSIVE;
				CLANG_WARN_UNREACHABLE_CODE = YES;
				CLANG_WARN__DUPLICATE_METHOD_MATCH = YES;
				CODE_SIGN_IDENTITY = "iPhone Developer";
				COPY_PHASE_STRIP = NO;
				DEBUG_INFORMATION_FORMAT = "dwarf-with-dsym";
				ENABLE_NS_ASSERTIONS = NO;
				ENABLE_STRICT_OBJC_MSGSEND = YES;
				GCC_C_LANGUAGE_STANDARD = gnu11;
				GCC_NO_COMMON_BLOCKS = YES;
				GCC_WARN_64_TO_32_BIT_CONVERSION = YES;
				GCC_WARN_ABOUT_RETURN_TYPE = YES_ERROR;
				GCC_WARN_UNDECLARED_SELECTOR = YES;
				GCC_WARN_UNINITIALIZED_AUTOS = YES_AGGRESSIVE;
				GCC_WARN_UNUSED_FUNCTION = YES;
				GCC_WARN_UNUSED_VARIABLE = YES;
				IPHONEOS_DEPLOYMENT_TARGET = 12.0;
				MTL_ENABLE_DEBUG_INFO = NO;
				MTL_FAST_MATH = YES;
				SDKROOT = iphoneos;
				VALIDATE_PRODUCT = YES;
			};
			name = Release;
		};
		01648D3721872CC7005EDFE0 /* Debug */ = {
			isa = XCBuildConfiguration;
			buildSettings = {
				ASSETCATALOG_COMPILER_APPICON_NAME = AppIcon;
				CODE_SIGN_STYLE = Automatic;
				INFOPLIST_FILE = stopwatch/Info.plist;
				LD_RUNPATH_SEARCH_PATHS = (
					"$(inherited)",
					"@executable_path/Frameworks",
				);
				PRODUCT_BUNDLE_IDENTIFIER = "Rizwan-Khan.stopwatch";
				PRODUCT_NAME = "$(TARGET_NAME)";
				TARGETED_DEVICE_FAMILY = "1,2";
			};
			name = Debug;
		};
		01648D3821872CC7005EDFE0 /* Release */ = {
			isa = XCBuildConfiguration;
			buildSettings = {
				ASSETCATALOG_COMPILER_APPICON_NAME = AppIcon;
				CODE_SIGN_STYLE = Automatic;
				INFOPLIST_FILE = stopwatch/Info.plist;
				LD_RUNPATH_SEARCH_PATHS = (
					"$(inherited)",
					"@executable_path/Frameworks",
				);
				PRODUCT_BUNDLE_IDENTIFIER = "Rizwan-Khan.stopwatch";
				PRODUCT_NAME = "$(TARGET_NAME)";
				TARGETED_DEVICE_FAMILY = "1,2";
			};
			name = Release;
		};
		01648D3A21872CC7005EDFE0 /* Debug */ = {
			isa = XCBuildConfiguration;
			buildSettings = {
				BUNDLE_LOADER = "$(TEST_HOST)";
				CODE_SIGN_STYLE = Automatic;
				INFOPLIST_FILE = stopwatchTests/Info.plist;
				LD_RUNPATH_SEARCH_PATHS = (
					"$(inherited)",
					"@executable_path/Frameworks",
					"@loader_path/Frameworks",
				);
				PRODUCT_BUNDLE_IDENTIFIER = "Rizwan-Khan.stopwatchTests";
				PRODUCT_NAME = "$(TARGET_NAME)";
				TARGETED_DEVICE_FAMILY = "1,2";
				TEST_HOST = "$(BUILT_PRODUCTS_DIR)/stopwatch.app/stopwatch";
			};
			name = Debug;
		};
		01648D3B21872CC7005EDFE0 /* Release */ = {
			isa = XCBuildConfiguration;
			buildSettings = {
				BUNDLE_LOADER = "$(TEST_HOST)";
				CODE_SIGN_STYLE = Automatic;
				INFOPLIST_FILE = stopwatchTests/Info.plist;
				LD_RUNPATH_SEARCH_PATHS = (
					"$(inherited)",
					"@executable_path/Frameworks",
					"@loader_path/Frameworks",
				);
				PRODUCT_BUNDLE_IDENTIFIER = "Rizwan-Khan.stopwatchTests";
				PRODUCT_NAME = "$(TARGET_NAME)";
				TARGETED_DEVICE_FAMILY = "1,2";
				TEST_HOST = "$(BUILT_PRODUCTS_DIR)/stopwatch.app/stopwatch";
			};
			name = Release;
		};
		01648D3D21872CC7005EDFE0 /* Debug */ = {
			isa = XCBuildConfiguration;
			buildSettings = {
				CODE_SIGN_STYLE = Automatic;
				INFOPLIST_FILE = stopwatchUITests/Info.plist;
				LD_RUNPATH_SEARCH_PATHS = (
					"$(inherited)",
					"@executable_path/Frameworks",
					"@loader_path/Frameworks",
				);
				PRODUCT_BUNDLE_IDENTIFIER = "Rizwan-Khan.stopwatchUITests";
				PRODUCT_NAME = "$(TARGET_NAME)";
				TARGETED_DEVICE_FAMILY = "1,2";
				TEST_TARGET_NAME = stopwatch;
			};
			name = Debug;
		};
		01648D3E21872CC7005EDFE0 /* Release */ = {
			isa = XCBuildConfiguration;
			buildSettings = {
				CODE_SIGN_STYLE = Automatic;
				INFOPLIST_FILE = stopwatchUITests/Info.plist;
				LD_RUNPATH_SEARCH_PATHS = (
					"$(inherited)",
					"@executable_path/Frameworks",
					"@loader_path/Frameworks",
				);
				PRODUCT_BUNDLE_IDENTIFIER = "Rizwan-Khan.stopwatchUITests";
				PRODUCT_NAME = "$(TARGET_NAME)";
				TARGETED_DEVICE_FAMILY = "1,2";
				TEST_TARGET_NAME = stopwatch;
			};
			name = Release;
		};
/* End XCBuildConfiguration section */

/* Begin XCConfigurationList section */
		01648D0221872CC3005EDFE0 /* Build configuration list for PBXProject "stopwatch" */ = {
			isa = XCConfigurationList;
			buildConfigurations = (
				01648D3421872CC7005EDFE0 /* Debug */,
				01648D3521872CC7005EDFE0 /* Release */,
			);
			defaultConfigurationIsVisible = 0;
			defaultConfigurationName = Release;
		};
		01648D3621872CC7005EDFE0 /* Build configuration list for PBXNativeTarget "stopwatch" */ = {
			isa = XCConfigurationList;
			buildConfigurations = (
				01648D3721872CC7005EDFE0 /* Debug */,
				01648D3821872CC7005EDFE0 /* Release */,
			);
			defaultConfigurationIsVisible = 0;
			defaultConfigurationName = Release;
		};
		01648D3921872CC7005EDFE0 /* Build configuration list for PBXNativeTarget "stopwatchTests" */ = {
			isa = XCConfigurationList;
			buildConfigurations = (
				01648D3A21872CC7005EDFE0 /* Debug */,
				01648D3B21872CC7005EDFE0 /* Release */,
			);
			defaultConfigurationIsVisible = 0;
			defaultConfigurationName = Release;
		};
		01648D3C21872CC7005EDFE0 /* Build configuration list for PBXNativeTarget "stopwatchUITests" */ = {
			isa = XCConfigurationList;
			buildConfigurations = (
				01648D3D21872CC7005EDFE0 /* Debug */,
				01648D3E21872CC7005EDFE0 /* Release */,
			);
			defaultConfigurationIsVisible = 0;
			defaultConfigurationName = Release;
		};
/* End XCConfigurationList section */

/* Begin XCVersionGroup section */
		01648D1321872CC3005EDFE0 /* stopwatch.xcdatamodeld */ = {
			isa = XCVersionGroup;
			children = (
				01648D1421872CC3005EDFE0 /* stopwatch.xcdatamodel */,
			);
			currentVersion = 01648D1421872CC3005EDFE0 /* stopwatch.xcdatamodel */;
			path = stopwatch.xcdatamodeld;
			sourceTree = "<group>";
			versionGroupType = wrapper.xcdatamodel;
		};
/* End XCVersionGroup section */
	};
	rootObject = 01648CFF21872CC3005EDFE0 /* Project object */;
}
